// !$*UTF8*$!
{
	archiveVersion = 1;
	classes = {
	};
	objectVersion = 46;
	objects = {

/* Begin PBXBuildFile section */
		964E001E1BE75A5A0000AA56 /* UIColorTool.swift in Sources */ = {isa = PBXBuildFile; fileRef = 964E001D1BE75A5A0000AA56 /* UIColorTool.swift */; };
		964E00201BE77D360000AA56 /* HWHomeViewController.swift in Sources */ = {isa = PBXBuildFile; fileRef = 964E001F1BE77D360000AA56 /* HWHomeViewController.swift */; };
		964E00221BE77D5B0000AA56 /* HWMessageCenterViewController.swift in Sources */ = {isa = PBXBuildFile; fileRef = 964E00211BE77D5B0000AA56 /* HWMessageCenterViewController.swift */; };
		964E00241BE77DC60000AA56 /* HWDiscoverViewController.swift in Sources */ = {isa = PBXBuildFile; fileRef = 964E00231BE77DC60000AA56 /* HWDiscoverViewController.swift */; };
		964E00261BE77DD70000AA56 /* HWProfileViewController.swift in Sources */ = {isa = PBXBuildFile; fileRef = 964E00251BE77DD70000AA56 /* HWProfileViewController.swift */; };
		964E00281BE7867A0000AA56 /* HWTabBarViewController.swift in Sources */ = {isa = PBXBuildFile; fileRef = 964E00271BE7867A0000AA56 /* HWTabBarViewController.swift */; };
		964E002C1BE78FD60000AA56 /* HWTest1ViewController.swift in Sources */ = {isa = PBXBuildFile; fileRef = 964E002A1BE78FD60000AA56 /* HWTest1ViewController.swift */; };
		964E002D1BE78FD60000AA56 /* HWTest1ViewController.xib in Resources */ = {isa = PBXBuildFile; fileRef = 964E002B1BE78FD60000AA56 /* HWTest1ViewController.xib */; };
		964E00301BE78FEA0000AA56 /* HWTest2ViewController.swift in Sources */ = {isa = PBXBuildFile; fileRef = 964E002E1BE78FEA0000AA56 /* HWTest2ViewController.swift */; };
		964E00311BE78FEA0000AA56 /* HWTest2ViewController.xib in Resources */ = {isa = PBXBuildFile; fileRef = 964E002F1BE78FEA0000AA56 /* HWTest2ViewController.xib */; };
		964E00351BE7B3FE0000AA56 /* HWNavigationController.swift in Sources */ = {isa = PBXBuildFile; fileRef = 964E00341BE7B3FE0000AA56 /* HWNavigationController.swift */; };
		964E00371BE7B6900000AA56 /* frame.swift in Sources */ = {isa = PBXBuildFile; fileRef = 964E00361BE7B6900000AA56 /* frame.swift */; };
		964EFFAA1BE74C680000AA56 /* AppDelegate.swift in Sources */ = {isa = PBXBuildFile; fileRef = 964EFFA91BE74C680000AA56 /* AppDelegate.swift */; };
		964EFFB21BE74C680000AA56 /* _jcc__.xcdatamodeld in Sources */ = {isa = PBXBuildFile; fileRef = 964EFFB01BE74C680000AA56 /* _jcc__.xcdatamodeld */; };
		964EFFB41BE74C680000AA56 /* Assets.xcassets in Resources */ = {isa = PBXBuildFile; fileRef = 964EFFB31BE74C680000AA56 /* Assets.xcassets */; };
		964EFFC21BE74C680000AA56 /* _jcc__Tests.swift in Sources */ = {isa = PBXBuildFile; fileRef = 964EFFC11BE74C680000AA56 /* _jcc__Tests.swift */; };
		964EFFCD1BE74C680000AA56 /* _jcc__UITests.swift in Sources */ = {isa = PBXBuildFile; fileRef = 964EFFCC1BE74C680000AA56 /* _jcc__UITests.swift */; };
/* End PBXBuildFile section */

/* Begin PBXContainerItemProxy section */
		964EFFBE1BE74C680000AA56 /* PBXContainerItemProxy */ = {
			isa = PBXContainerItemProxy;
			containerPortal = 964EFF9E1BE74C680000AA56 /* Project object */;
			proxyType = 1;
			remoteGlobalIDString = 964EFFA51BE74C680000AA56;
			remoteInfo = "4jcc微博";
		};
		964EFFC91BE74C680000AA56 /* PBXContainerItemProxy */ = {
			isa = PBXContainerItemProxy;
			containerPortal = 964EFF9E1BE74C680000AA56 /* Project object */;
			proxyType = 1;
			remoteGlobalIDString = 964EFFA51BE74C680000AA56;
			remoteInfo = "4jcc微博";
		};
/* End PBXContainerItemProxy section */

/* Begin PBXFileReference section */
		964E001D1BE75A5A0000AA56 /* UIColorTool.swift */ = {isa = PBXFileReference; fileEncoding = 4; lastKnownFileType = sourcecode.swift; path = UIColorTool.swift; sourceTree = "<group>"; };
		964E001F1BE77D360000AA56 /* HWHomeViewController.swift */ = {isa = PBXFileReference; fileEncoding = 4; lastKnownFileType = sourcecode.swift; path = HWHomeViewController.swift; sourceTree = "<group>"; };
		964E00211BE77D5B0000AA56 /* HWMessageCenterViewController.swift */ = {isa = PBXFileReference; fileEncoding = 4; lastKnownFileType = sourcecode.swift; path = HWMessageCenterViewController.swift; sourceTree = "<group>"; };
		964E00231BE77DC60000AA56 /* HWDiscoverViewController.swift */ = {isa = PBXFileReference; fileEncoding = 4; lastKnownFileType = sourcecode.swift; path = HWDiscoverViewController.swift; sourceTree = "<group>"; };
		964E00251BE77DD70000AA56 /* HWProfileViewController.swift */ = {isa = PBXFileReference; fileEncoding = 4; lastKnownFileType = sourcecode.swift; path = HWProfileViewController.swift; sourceTree = "<group>"; };
		964E00271BE7867A0000AA56 /* HWTabBarViewController.swift */ = {isa = PBXFileReference; fileEncoding = 4; lastKnownFileType = sourcecode.swift; path = HWTabBarViewController.swift; sourceTree = "<group>"; };
		964E002A1BE78FD60000AA56 /* HWTest1ViewController.swift */ = {isa = PBXFileReference; fileEncoding = 4; lastKnownFileType = sourcecode.swift; path = HWTest1ViewController.swift; sourceTree = "<group>"; };
		964E002B1BE78FD60000AA56 /* HWTest1ViewController.xib */ = {isa = PBXFileReference; fileEncoding = 4; lastKnownFileType = file.xib; path = HWTest1ViewController.xib; sourceTree = "<group>"; };
		964E002E1BE78FEA0000AA56 /* HWTest2ViewController.swift */ = {isa = PBXFileReference; fileEncoding = 4; lastKnownFileType = sourcecode.swift; path = HWTest2ViewController.swift; sourceTree = "<group>"; };
		964E002F1BE78FEA0000AA56 /* HWTest2ViewController.xib */ = {isa = PBXFileReference; fileEncoding = 4; lastKnownFileType = file.xib; path = HWTest2ViewController.xib; sourceTree = "<group>"; };
		964E00341BE7B3FE0000AA56 /* HWNavigationController.swift */ = {isa = PBXFileReference; fileEncoding = 4; lastKnownFileType = sourcecode.swift; path = HWNavigationController.swift; sourceTree = "<group>"; };
		964E00361BE7B6900000AA56 /* frame.swift */ = {isa = PBXFileReference; fileEncoding = 4; lastKnownFileType = sourcecode.swift; path = frame.swift; sourceTree = "<group>"; };
		964EFFA61BE74C680000AA56 /* 4jcc微博.app */ = {isa = PBXFileReference; explicitFileType = wrapper.application; includeInIndex = 0; path = "4jcc微博.app"; sourceTree = BUILT_PRODUCTS_DIR; };
		964EFFA91BE74C680000AA56 /* AppDelegate.swift */ = {isa = PBXFileReference; lastKnownFileType = sourcecode.swift; path = AppDelegate.swift; sourceTree = "<group>"; };
		964EFFB11BE74C680000AA56 /* _jcc__.xcdatamodel */ = {isa = PBXFileReference; lastKnownFileType = wrapper.xcdatamodel; path = _jcc__.xcdatamodel; sourceTree = "<group>"; };
		964EFFB31BE74C680000AA56 /* Assets.xcassets */ = {isa = PBXFileReference; lastKnownFileType = folder.assetcatalog; path = Assets.xcassets; sourceTree = "<group>"; };
		964EFFB81BE74C680000AA56 /* Info.plist */ = {isa = PBXFileReference; lastKnownFileType = text.plist.xml; path = Info.plist; sourceTree = "<group>"; };
		964EFFBD1BE74C680000AA56 /* 4jcc微博Tests.xctest */ = {isa = PBXFileReference; explicitFileType = wrapper.cfbundle; includeInIndex = 0; path = "4jcc微博Tests.xctest"; sourceTree = BUILT_PRODUCTS_DIR; };
		964EFFC11BE74C680000AA56 /* _jcc__Tests.swift */ = {isa = PBXFileReference; lastKnownFileType = sourcecode.swift; path = _jcc__Tests.swift; sourceTree = "<group>"; };
		964EFFC31BE74C680000AA56 /* Info.plist */ = {isa = PBXFileReference; lastKnownFileType = text.plist.xml; path = Info.plist; sourceTree = "<group>"; };
		964EFFC81BE74C680000AA56 /* 4jcc微博UITests.xctest */ = {isa = PBXFileReference; explicitFileType = wrapper.cfbundle; includeInIndex = 0; path = "4jcc微博UITests.xctest"; sourceTree = BUILT_PRODUCTS_DIR; };
		964EFFCC1BE74C680000AA56 /* _jcc__UITests.swift */ = {isa = PBXFileReference; lastKnownFileType = sourcecode.swift; path = _jcc__UITests.swift; sourceTree = "<group>"; };
		964EFFCE1BE74C680000AA56 /* Info.plist */ = {isa = PBXFileReference; lastKnownFileType = text.plist.xml; path = Info.plist; sourceTree = "<group>"; };
/* End PBXFileReference section */

/* Begin PBXFrameworksBuildPhase section */
		964EFFA31BE74C680000AA56 /* Frameworks */ = {
			isa = PBXFrameworksBuildPhase;
			buildActionMask = 2147483647;
			files = (
			);
			runOnlyForDeploymentPostprocessing = 0;
		};
		964EFFBA1BE74C680000AA56 /* Frameworks */ = {
			isa = PBXFrameworksBuildPhase;
			buildActionMask = 2147483647;
			files = (
			);
			runOnlyForDeploymentPostprocessing = 0;
		};
		964EFFC51BE74C680000AA56 /* Frameworks */ = {
			isa = PBXFrameworksBuildPhase;
			buildActionMask = 2147483647;
			files = (
			);
			runOnlyForDeploymentPostprocessing = 0;
		};
/* End PBXFrameworksBuildPhase section */

/* Begin PBXGroup section */
		964E001B1BE759290000AA56 /* Clesses */ = {
			isa = PBXGroup;
			children = (
				964E00291BE78FAF0000AA56 /* 测试 */,
				964E001F1BE77D360000AA56 /* HWHomeViewController.swift */,
				964E00341BE7B3FE0000AA56 /* HWNavigationController.swift */,
				964E00271BE7867A0000AA56 /* HWTabBarViewController.swift */,
				964E00231BE77DC60000AA56 /* HWDiscoverViewController.swift */,
				964E00251BE77DD70000AA56 /* HWProfileViewController.swift */,
				964E00211BE77D5B0000AA56 /* HWMessageCenterViewController.swift */,
			);
			path = Clesses;
			sourceTree = "<group>";
		};
		964E001C1BE75A260000AA56 /* Tools */ = {
			isa = PBXGroup;
			children = (
				964E001D1BE75A5A0000AA56 /* UIColorTool.swift */,
				964E00361BE7B6900000AA56 /* frame.swift */,
			);
			path = Tools;
			sourceTree = "<group>";
		};
		964E00291BE78FAF0000AA56 /* 测试 */ = {
			isa = PBXGroup;
			children = (
				964E002A1BE78FD60000AA56 /* HWTest1ViewController.swift */,
				964E002E1BE78FEA0000AA56 /* HWTest2ViewController.swift */,
				964E002F1BE78FEA0000AA56 /* HWTest2ViewController.xib */,
				964E002B1BE78FD60000AA56 /* HWTest1ViewController.xib */,
			);
			name = "测试";
			sourceTree = "<group>";
		};
		964EFF9D1BE74C680000AA56 = {
			isa = PBXGroup;
			children = (
				964EFFA81BE74C680000AA56 /* 4jcc微博 */,
				964EFFC01BE74C680000AA56 /* 4jcc微博Tests */,
				964EFFCB1BE74C680000AA56 /* 4jcc微博UITests */,
				964EFFA71BE74C680000AA56 /* Products */,
			);
			sourceTree = "<group>";
		};
		964EFFA71BE74C680000AA56 /* Products */ = {
			isa = PBXGroup;
			children = (
				964EFFA61BE74C680000AA56 /* 4jcc微博.app */,
				964EFFBD1BE74C680000AA56 /* 4jcc微博Tests.xctest */,
				964EFFC81BE74C680000AA56 /* 4jcc微博UITests.xctest */,
			);
			name = Products;
			sourceTree = "<group>";
		};
		964EFFA81BE74C680000AA56 /* 4jcc微博 */ = {
			isa = PBXGroup;
			children = (
				964E001C1BE75A260000AA56 /* Tools */,
				964E001B1BE759290000AA56 /* Clesses */,
				964EFFA91BE74C680000AA56 /* AppDelegate.swift */,
				964EFFB31BE74C680000AA56 /* Assets.xcassets */,
				964EFFB81BE74C680000AA56 /* Info.plist */,
				964EFFB01BE74C680000AA56 /* _jcc__.xcdatamodeld */,
			);
			path = "4jcc微博";
			sourceTree = "<group>";
		};
		964EFFC01BE74C680000AA56 /* 4jcc微博Tests */ = {
			isa = PBXGroup;
			children = (
				964EFFC11BE74C680000AA56 /* _jcc__Tests.swift */,
				964EFFC31BE74C680000AA56 /* Info.plist */,
			);
			path = "4jcc微博Tests";
			sourceTree = "<group>";
		};
		964EFFCB1BE74C680000AA56 /* 4jcc微博UITests */ = {
			isa = PBXGroup;
			children = (
				964EFFCC1BE74C680000AA56 /* _jcc__UITests.swift */,
				964EFFCE1BE74C680000AA56 /* Info.plist */,
			);
			path = "4jcc微博UITests";
			sourceTree = "<group>";
		};
/* End PBXGroup section */

/* Begin PBXNativeTarget section */
		964EFFA51BE74C680000AA56 /* 4jcc微博 */ = {
			isa = PBXNativeTarget;
			buildConfigurationList = 964EFFD11BE74C680000AA56 /* Build configuration list for PBXNativeTarget "4jcc微博" */;
			buildPhases = (
				964EFFA21BE74C680000AA56 /* Sources */,
				964EFFA31BE74C680000AA56 /* Frameworks */,
				964EFFA41BE74C680000AA56 /* Resources */,
			);
			buildRules = (
			);
			dependencies = (
			);
			name = "4jcc微博";
			productName = "4jcc微博";
			productReference = 964EFFA61BE74C680000AA56 /* 4jcc微博.app */;
			productType = "com.apple.product-type.application";
		};
		964EFFBC1BE74C680000AA56 /* 4jcc微博Tests */ = {
			isa = PBXNativeTarget;
			buildConfigurationList = 964EFFD41BE74C680000AA56 /* Build configuration list for PBXNativeTarget "4jcc微博Tests" */;
			buildPhases = (
				964EFFB91BE74C680000AA56 /* Sources */,
				964EFFBA1BE74C680000AA56 /* Frameworks */,
				964EFFBB1BE74C680000AA56 /* Resources */,
			);
			buildRules = (
			);
			dependencies = (
				964EFFBF1BE74C680000AA56 /* PBXTargetDependency */,
			);
			name = "4jcc微博Tests";
			productName = "4jcc微博Tests";
			productReference = 964EFFBD1BE74C680000AA56 /* 4jcc微博Tests.xctest */;
			productType = "com.apple.product-type.bundle.unit-test";
		};
		964EFFC71BE74C680000AA56 /* 4jcc微博UITests */ = {
			isa = PBXNativeTarget;
			buildConfigurationList = 964EFFD71BE74C680000AA56 /* Build configuration list for PBXNativeTarget "4jcc微博UITests" */;
			buildPhases = (
				964EFFC41BE74C680000AA56 /* Sources */,
				964EFFC51BE74C680000AA56 /* Frameworks */,
				964EFFC61BE74C680000AA56 /* Resources */,
			);
			buildRules = (
			);
			dependencies = (
				964EFFCA1BE74C680000AA56 /* PBXTargetDependency */,
			);
			name = "4jcc微博UITests";
			productName = "4jcc微博UITests";
			productReference = 964EFFC81BE74C680000AA56 /* 4jcc微博UITests.xctest */;
			productType = "com.apple.product-type.bundle.ui-testing";
		};
/* End PBXNativeTarget section */

/* Begin PBXProject section */
		964EFF9E1BE74C680000AA56 /* Project object */ = {
			isa = PBXProject;
			attributes = {
				LastUpgradeCheck = 0700;
				ORGANIZATIONNAME = sijichcai;
				TargetAttributes = {
					964EFFA51BE74C680000AA56 = {
						CreatedOnToolsVersion = 7.0;
					};
					964EFFBC1BE74C680000AA56 = {
						CreatedOnToolsVersion = 7.0;
						TestTargetID = 964EFFA51BE74C680000AA56;
					};
					964EFFC71BE74C680000AA56 = {
						CreatedOnToolsVersion = 7.0;
						TestTargetID = 964EFFA51BE74C680000AA56;
					};
				};
			};
			buildConfigurationList = 964EFFA11BE74C680000AA56 /* Build configuration list for PBXProject "4jcc微博" */;
			compatibilityVersion = "Xcode 3.2";
			developmentRegion = English;
			hasScannedForEncodings = 0;
			knownRegions = (
				en,
				Base,
			);
			mainGroup = 964EFF9D1BE74C680000AA56;
			productRefGroup = 964EFFA71BE74C680000AA56 /* Products */;
			projectDirPath = "";
			projectRoot = "";
			targets = (
				964EFFA51BE74C680000AA56 /* 4jcc微博 */,
				964EFFBC1BE74C680000AA56 /* 4jcc微博Tests */,
				964EFFC71BE74C680000AA56 /* 4jcc微博UITests */,
			);
		};
/* End PBXProject section */

/* Begin PBXResourcesBuildPhase section */
		964EFFA41BE74C680000AA56 /* Resources */ = {
			isa = PBXResourcesBuildPhase;
			buildActionMask = 2147483647;
			files = (
				964EFFB41BE74C680000AA56 /* Assets.xcassets in Resources */,
				964E00311BE78FEA0000AA56 /* HWTest2ViewController.xib in Resources */,
				964E002D1BE78FD60000AA56 /* HWTest1ViewController.xib in Resources */,
			);
			runOnlyForDeploymentPostprocessing = 0;
		};
		964EFFBB1BE74C680000AA56 /* Resources */ = {
			isa = PBXResourcesBuildPhase;
			buildActionMask = 2147483647;
			files = (
			);
			runOnlyForDeploymentPostprocessing = 0;
		};
		964EFFC61BE74C680000AA56 /* Resources */ = {
			isa = PBXResourcesBuildPhase;
			buildActionMask = 2147483647;
			files = (
			);
			runOnlyForDeploymentPostprocessing = 0;
		};
/* End PBXResourcesBuildPhase section */

/* Begin PBXSourcesBuildPhase section */
		964EFFA21BE74C680000AA56 /* Sources */ = {
			isa = PBXSourcesBuildPhase;
			buildActionMask = 2147483647;
			files = (
				964E00241BE77DC60000AA56 /* HWDiscoverViewController.swift in Sources */,
				964E00371BE7B6900000AA56 /* frame.swift in Sources */,
				964E002C1BE78FD60000AA56 /* HWTest1ViewController.swift in Sources */,
				964E00301BE78FEA0000AA56 /* HWTest2ViewController.swift in Sources */,
				964E00281BE7867A0000AA56 /* HWTabBarViewController.swift in Sources */,
				964E00261BE77DD70000AA56 /* HWProfileViewController.swift in Sources */,
				964E00201BE77D360000AA56 /* HWHomeViewController.swift in Sources */,
				964E00351BE7B3FE0000AA56 /* HWNavigationController.swift in Sources */,
				964EFFB21BE74C680000AA56 /* _jcc__.xcdatamodeld in Sources */,
				964EFFAA1BE74C680000AA56 /* AppDelegate.swift in Sources */,
				964E00221BE77D5B0000AA56 /* HWMessageCenterViewController.swift in Sources */,
				964E001E1BE75A5A0000AA56 /* UIColorTool.swift in Sources */,
			);
			runOnlyForDeploymentPostprocessing = 0;
		};
		964EFFB91BE74C680000AA56 /* Sources */ = {
			isa = PBXSourcesBuildPhase;
			buildActionMask = 2147483647;
			files = (
				964EFFC21BE74C680000AA56 /* _jcc__Tests.swift in Sources */,
			);
			runOnlyForDeploymentPostprocessing = 0;
		};
		964EFFC41BE74C680000AA56 /* Sources */ = {
			isa = PBXSourcesBuildPhase;
			buildActionMask = 2147483647;
			files = (
				964EFFCD1BE74C680000AA56 /* _jcc__UITests.swift in Sources */,
			);
			runOnlyForDeploymentPostprocessing = 0;
		};
/* End PBXSourcesBuildPhase section */

/* Begin PBXTargetDependency section */
		964EFFBF1BE74C680000AA56 /* PBXTargetDependency */ = {
			isa = PBXTargetDependency;
			target = 964EFFA51BE74C680000AA56 /* 4jcc微博 */;
			targetProxy = 964EFFBE1BE74C680000AA56 /* PBXContainerItemProxy */;
		};
		964EFFCA1BE74C680000AA56 /* PBXTargetDependency */ = {
			isa = PBXTargetDependency;
			target = 964EFFA51BE74C680000AA56 /* 4jcc微博 */;
			targetProxy = 964EFFC91BE74C680000AA56 /* PBXContainerItemProxy */;
		};
/* End PBXTargetDependency section */

/* Begin XCBuildConfiguration section */
		964EFFCF1BE74C680000AA56 /* Debug */ = {
			isa = XCBuildConfiguration;
			buildSettings = {
				ALWAYS_SEARCH_USER_PATHS = NO;
				CLANG_CXX_LANGUAGE_STANDARD = "gnu++0x";
				CLANG_CXX_LIBRARY = "libc++";
				CLANG_ENABLE_MODULES = YES;
				CLANG_ENABLE_OBJC_ARC = YES;
				CLANG_WARN_BOOL_CONVERSION = YES;
				CLANG_WARN_CONSTANT_CONVERSION = YES;
				CLANG_WARN_DIRECT_OBJC_ISA_USAGE = YES_ERROR;
				CLANG_WARN_EMPTY_BODY = YES;
				CLANG_WARN_ENUM_CONVERSION = YES;
				CLANG_WARN_INT_CONVERSION = YES;
				CLANG_WARN_OBJC_ROOT_CLASS = YES_ERROR;
				CLANG_WARN_UNREACHABLE_CODE = YES;
				CLANG_WARN__DUPLICATE_METHOD_MATCH = YES;
				"CODE_SIGN_IDENTITY[sdk=iphoneos*]" = "iPhone Developer";
				COPY_PHASE_STRIP = NO;
				DEBUG_INFORMATION_FORMAT = dwarf;
				ENABLE_STRICT_OBJC_MSGSEND = YES;
				ENABLE_TESTABILITY = YES;
				GCC_C_LANGUAGE_STANDARD = gnu99;
				GCC_DYNAMIC_NO_PIC = NO;
				GCC_NO_COMMON_BLOCKS = YES;
				GCC_OPTIMIZATION_LEVEL = 0;
				GCC_PREPROCESSOR_DEFINITIONS = (
					"DEBUG=1",
					"$(inherited)",
				);
				GCC_WARN_64_TO_32_BIT_CONVERSION = YES;
				GCC_WARN_ABOUT_RETURN_TYPE = YES_ERROR;
				GCC_WARN_UNDECLARED_SELECTOR = YES;
				GCC_WARN_UNINITIALIZED_AUTOS = YES_AGGRESSIVE;
				GCC_WARN_UNUSED_FUNCTION = YES;
				GCC_WARN_UNUSED_VARIABLE = YES;
				IPHONEOS_DEPLOYMENT_TARGET = 9.0;
				MTL_ENABLE_DEBUG_INFO = YES;
				ONLY_ACTIVE_ARCH = YES;
				SDKROOT = iphoneos;
				SWIFT_OPTIMIZATION_LEVEL = "-Onone";
			};
			name = Debug;
		};
		964EFFD01BE74C680000AA56 /* Release */ = {
			isa = XCBuildConfiguration;
			buildSettings = {
				ALWAYS_SEARCH_USER_PATHS = NO;
				CLANG_CXX_LANGUAGE_STANDARD = "gnu++0x";
				CLANG_CXX_LIBRARY = "libc++";
				CLANG_ENABLE_MODULES = YES;
				CLANG_ENABLE_OBJC_ARC = YES;
				CLANG_WARN_BOOL_CONVERSION = YES;
				CLANG_WARN_CONSTANT_CONVERSION = YES;
				CLANG_WARN_DIRECT_OBJC_ISA_USAGE = YES_ERROR;
				CLANG_WARN_EMPTY_BODY = YES;
				CLANG_WARN_ENUM_CONVERSION = YES;
				CLANG_WARN_INT_CONVERSION = YES;
				CLANG_WARN_OBJC_ROOT_CLASS = YES_ERROR;
				CLANG_WARN_UNREACHABLE_CODE = YES;
				CLANG_WARN__DUPLICATE_METHOD_MATCH = YES;
				"CODE_SIGN_IDENTITY[sdk=iphoneos*]" = "iPhone Developer";
				COPY_PHASE_STRIP = NO;
				DEBUG_INFORMATION_FORMAT = "dwarf-with-dsym";
				ENABLE_NS_ASSERTIONS = NO;
				ENABLE_STRICT_OBJC_MSGSEND = YES;
				GCC_C_LANGUAGE_STANDARD = gnu99;
				GCC_NO_COMMON_BLOCKS = YES;
				GCC_WARN_64_TO_32_BIT_CONVERSION = YES;
				GCC_WARN_ABOUT_RETURN_TYPE = YES_ERROR;
				GCC_WARN_UNDECLARED_SELECTOR = YES;
				GCC_WARN_UNINITIALIZED_AUTOS = YES_AGGRESSIVE;
				GCC_WARN_UNUSED_FUNCTION = YES;
				GCC_WARN_UNUSED_VARIABLE = YES;
				IPHONEOS_DEPLOYMENT_TARGET = 9.0;
				MTL_ENABLE_DEBUG_INFO = NO;
				SDKROOT = iphoneos;
				VALIDATE_PRODUCT = YES;
			};
			name = Release;
		};
		964EFFD21BE74C680000AA56 /* Debug */ = {
			isa = XCBuildConfiguration;
			buildSettings = {
				ASSETCATALOG_COMPILER_APPICON_NAME = AppIcon;
				ASSETCATALOG_COMPILER_LAUNCHIMAGE_NAME = LaunchImage;
				INFOPLIST_FILE = "4jcc微博/Info.plist";
				LD_RUNPATH_SEARCH_PATHS = "$(inherited) @executable_path/Frameworks";
				PRODUCT_BUNDLE_IDENTIFIER = "swift.-jcc--";
				PRODUCT_NAME = "$(TARGET_NAME)";
			};
			name = Debug;
		};
		964EFFD31BE74C680000AA56 /* Release */ = {
			isa = XCBuildConfiguration;
			buildSettings = {
				ASSETCATALOG_COMPILER_APPICON_NAME = AppIcon;
				ASSETCATALOG_COMPILER_LAUNCHIMAGE_NAME = LaunchImage;
				INFOPLIST_FILE = "4jcc微博/Info.plist";
				LD_RUNPATH_SEARCH_PATHS = "$(inherited) @executable_path/Frameworks";
				PRODUCT_BUNDLE_IDENTIFIER = "swift.-jcc--";
				PRODUCT_NAME = "$(TARGET_NAME)";
			};
			name = Release;
		};
		964EFFD51BE74C680000AA56 /* Debug */ = {
			isa = XCBuildConfiguration;
			buildSettings = {
				BUNDLE_LOADER = "$(TEST_HOST)";
				INFOPLIST_FILE = "4jcc微博Tests/Info.plist";
				LD_RUNPATH_SEARCH_PATHS = "$(inherited) @executable_path/Frameworks @loader_path/Frameworks";
				PRODUCT_BUNDLE_IDENTIFIER = "swift.-jcc--Tests";
				PRODUCT_NAME = "$(TARGET_NAME)";
				TEST_HOST = "$(BUILT_PRODUCTS_DIR)/4jcc微博.app/4jcc微博";
			};
			name = Debug;
		};
		964EFFD61BE74C680000AA56 /* Release */ = {
			isa = XCBuildConfiguration;
			buildSettings = {
				BUNDLE_LOADER = "$(TEST_HOST)";
				INFOPLIST_FILE = "4jcc微博Tests/Info.plist";
				LD_RUNPATH_SEARCH_PATHS = "$(inherited) @executable_path/Frameworks @loader_path/Frameworks";
				PRODUCT_BUNDLE_IDENTIFIER = "swift.-jcc--Tests";
				PRODUCT_NAME = "$(TARGET_NAME)";
				TEST_HOST = "$(BUILT_PRODUCTS_DIR)/4jcc微博.app/4jcc微博";
			};
			name = Release;
		};
		964EFFD81BE74C680000AA56 /* Debug */ = {
			isa = XCBuildConfiguration;
			buildSettings = {
				INFOPLIST_FILE = "4jcc微博UITests/Info.plist";
				LD_RUNPATH_SEARCH_PATHS = "$(inherited) @executable_path/Frameworks @loader_path/Frameworks";
				PRODUCT_BUNDLE_IDENTIFIER = "swift.-jcc--UITests";
				PRODUCT_NAME = "$(TARGET_NAME)";
				TEST_TARGET_NAME = "4jcc微博";
				USES_XCTRUNNER = YES;
			};
			name = Debug;
		};
		964EFFD91BE74C680000AA56 /* Release */ = {
			isa = XCBuildConfiguration;
			buildSettings = {
				INFOPLIST_FILE = "4jcc微博UITests/Info.plist";
				LD_RUNPATH_SEARCH_PATHS = "$(inherited) @executable_path/Frameworks @loader_path/Frameworks";
				PRODUCT_BUNDLE_IDENTIFIER = "swift.-jcc--UITests";
				PRODUCT_NAME = "$(TARGET_NAME)";
				TEST_TARGET_NAME = "4jcc微博";
				USES_XCTRUNNER = YES;
			};
			name = Release;
		};
/* End XCBuildConfiguration section */

/* Begin XCConfigurationList section */
		964EFFA11BE74C680000AA56 /* Build configuration list for PBXProject "4jcc微博" */ = {
			isa = XCConfigurationList;
			buildConfigurations = (
				964EFFCF1BE74C680000AA56 /* Debug */,
				964EFFD01BE74C680000AA56 /* Release */,
			);
			defaultConfigurationIsVisible = 0;
			defaultConfigurationName = Release;
		};
		964EFFD11BE74C680000AA56 /* Build configuration list for PBXNativeTarget "4jcc微博" */ = {
			isa = XCConfigurationList;
			buildConfigurations = (
				964EFFD21BE74C680000AA56 /* Debug */,
				964EFFD31BE74C680000AA56 /* Release */,
			);
			defaultConfigurationIsVisible = 0;
		};
		964EFFD41BE74C680000AA56 /* Build configuration list for PBXNativeTarget "4jcc微博Tests" */ = {
			isa = XCConfigurationList;
			buildConfigurations = (
				964EFFD51BE74C680000AA56 /* Debug */,
				964EFFD61BE74C680000AA56 /* Release */,
			);
			defaultConfigurationIsVisible = 0;
		};
		964EFFD71BE74C680000AA56 /* Build configuration list for PBXNativeTarget "4jcc微博UITests" */ = {
			isa = XCConfigurationList;
			buildConfigurations = (
				964EFFD81BE74C680000AA56 /* Debug */,
				964EFFD91BE74C680000AA56 /* Release */,
			);
			defaultConfigurationIsVisible = 0;
		};
/* End XCConfigurationList section */

/* Begin XCVersionGroup section */
		964EFFB01BE74C680000AA56 /* _jcc__.xcdatamodeld */ = {
			isa = XCVersionGroup;
			children = (
				964EFFB11BE74C680000AA56 /* _jcc__.xcdatamodel */,
			);
			currentVersion = 964EFFB11BE74C680000AA56 /* _jcc__.xcdatamodel */;
			path = _jcc__.xcdatamodeld;
			sourceTree = "<group>";
			versionGroupType = wrapper.xcdatamodel;
		};
/* End XCVersionGroup section */
	};
	rootObject = 964EFF9E1BE74C680000AA56 /* Project object */;
}
